2
git https://github.com/ziglibs/known-folders commit-9db1b99219c767d5e24994b1525273fe4031e464
git https://github.com/Hejsil/zig-clap commit-cf8a34d11f0520bdf2afc08eda88862597a88b23
git https://github.com/LewisGaul/zig-nestedtext.git commit-0ab4437fa84628ab153f1c7b2df40bfc76a99568
git https://codeberg.org/jeang3nie/zig-vte commit-8306629d204c66485df1bf62ec392986b32a0906
git https://github.com/LewisGaul/zig-nestedtext.git commit-0ab4437fa84628ab153f1c7b2df40bfc76a99568
